// !$*UTF8*$!
{
	archiveVersion = 1;
	classes = {
	};
	objectVersion = 46;
	objects = {

/* Begin PBXBuildFile section */
		02F782DF1BDAF639008D187B /* AppDelegate.swift in Sources */ = {isa = PBXBuildFile; fileRef = 02F782DE1BDAF639008D187B /* AppDelegate.swift */; };
		02F782E11BDAF639008D187B /* ViewController.swift in Sources */ = {isa = PBXBuildFile; fileRef = 02F782E01BDAF639008D187B /* ViewController.swift */; };
		02F782E41BDAF639008D187B /* Main.storyboard in Resources */ = {isa = PBXBuildFile; fileRef = 02F782E21BDAF639008D187B /* Main.storyboard */; };
		02F782E61BDAF639008D187B /* Images.xcassets in Resources */ = {isa = PBXBuildFile; fileRef = 02F782E51BDAF639008D187B /* Images.xcassets */; };
		02F782E91BDAF639008D187B /* LaunchScreen.xib in Resources */ = {isa = PBXBuildFile; fileRef = 02F782E71BDAF639008D187B /* LaunchScreen.xib */; };
		02F782F51BDAF639008D187B /* EnchantedLifeTargetTests.swift in Sources */ = {isa = PBXBuildFile; fileRef = 02F782F41BDAF639008D187B /* EnchantedLifeTargetTests.swift */; };
/* End PBXBuildFile section */

/* Begin PBXContainerItemProxy section */
		02F782EF1BDAF639008D187B /* PBXContainerItemProxy */ = {
			isa = PBXContainerItemProxy;
			containerPortal = 02F782D11BDAF639008D187B /* Project object */;
			proxyType = 1;
			remoteGlobalIDString = 02F782D81BDAF639008D187B;
			remoteInfo = EnchantedLifeTarget;
		};
/* End PBXContainerItemProxy section */

/* Begin PBXFileReference section */
		02F782D91BDAF639008D187B /* EnchantedLifeTarget.app */ = {isa = PBXFileReference; explicitFileType = wrapper.application; includeInIndex = 0; path = EnchantedLifeTarget.app; sourceTree = BUILT_PRODUCTS_DIR; };
		02F782DD1BDAF639008D187B /* Info.plist */ = {isa = PBXFileReference; lastKnownFileType = text.plist.xml; path = Info.plist; sourceTree = "<group>"; };
		02F782DE1BDAF639008D187B /* AppDelegate.swift */ = {isa = PBXFileReference; lastKnownFileType = sourcecode.swift; path = AppDelegate.swift; sourceTree = "<group>"; };
		02F782E01BDAF639008D187B /* ViewController.swift */ = {isa = PBXFileReference; lastKnownFileType = sourcecode.swift; path = ViewController.swift; sourceTree = "<group>"; };
		02F782E31BDAF639008D187B /* Base */ = {isa = PBXFileReference; lastKnownFileType = file.storyboard; name = Base; path = Base.lproj/Main.storyboard; sourceTree = "<group>"; };
		02F782E51BDAF639008D187B /* Images.xcassets */ = {isa = PBXFileReference; lastKnownFileType = folder.assetcatalog; path = Images.xcassets; sourceTree = "<group>"; };
		02F782E81BDAF639008D187B /* Base */ = {isa = PBXFileReference; lastKnownFileType = file.xib; name = Base; path = Base.lproj/LaunchScreen.xib; sourceTree = "<group>"; };
		02F782EE1BDAF639008D187B /* EnchantedLifeTargetTests.xctest */ = {isa = PBXFileReference; explicitFileType = wrapper.cfbundle; includeInIndex = 0; path = EnchantedLifeTargetTests.xctest; sourceTree = BUILT_PRODUCTS_DIR; };
		02F782F31BDAF639008D187B /* Info.plist */ = {isa = PBXFileReference; lastKnownFileType = text.plist.xml; path = Info.plist; sourceTree = "<group>"; };
		02F782F41BDAF639008D187B /* EnchantedLifeTargetTests.swift */ = {isa = PBXFileReference; lastKnownFileType = sourcecode.swift; path = EnchantedLifeTargetTests.swift; sourceTree = "<group>"; };
/* End PBXFileReference section */

/* Begin PBXFrameworksBuildPhase section */
		02F782D61BDAF639008D187B /* Frameworks */ = {
			isa = PBXFrameworksBuildPhase;
			buildActionMask = 2147483647;
			files = (
			);
			runOnlyForDeploymentPostprocessing = 0;
		};
		02F782EB1BDAF639008D187B /* Frameworks */ = {
			isa = PBXFrameworksBuildPhase;
			buildActionMask = 2147483647;
			files = (
			);
			runOnlyForDeploymentPostprocessing = 0;
		};
/* End PBXFrameworksBuildPhase section */

/* Begin PBXGroup section */
		02F782D01BDAF639008D187B = {
			isa = PBXGroup;
			children = (
				02F782DB1BDAF639008D187B /* EnchantedLifeTarget */,
				02F782F11BDAF639008D187B /* EnchantedLifeTargetTests */,
				02F782DA1BDAF639008D187B /* Products */,
			);
			sourceTree = "<group>";
		};
		02F782DA1BDAF639008D187B /* Products */ = {
			isa = PBXGroup;
			children = (
				02F782D91BDAF639008D187B /* EnchantedLifeTarget.app */,
				02F782EE1BDAF639008D187B /* EnchantedLifeTargetTests.xctest */,
			);
			name = Products;
			sourceTree = "<group>";
		};
		02F782DB1BDAF639008D187B /* EnchantedLifeTarget */ = {
			isa = PBXGroup;
			children = (
				02F782DE1BDAF639008D187B /* AppDelegate.swift */,
				02F782E01BDAF639008D187B /* ViewController.swift */,
				02F782E21BDAF639008D187B /* Main.storyboard */,
				02F782E51BDAF639008D187B /* Images.xcassets */,
				02F782E71BDAF639008D187B /* LaunchScreen.xib */,
				02F782DC1BDAF639008D187B /* Supporting Files */,
			);
			path = EnchantedLifeTarget;
			sourceTree = "<group>";
		};
		02F782DC1BDAF639008D187B /* Supporting Files */ = {
			isa = PBXGroup;
			children = (
				02F782DD1BDAF639008D187B /* Info.plist */,
			);
			name = "Supporting Files";
			sourceTree = "<group>";
		};
		02F782F11BDAF639008D187B /* EnchantedLifeTargetTests */ = {
			isa = PBXGroup;
			children = (
				02F782F41BDAF639008D187B /* EnchantedLifeTargetTests.swift */,
				02F782F21BDAF639008D187B /* Supporting Files */,
			);
			path = EnchantedLifeTargetTests;
			sourceTree = "<group>";
		};
		02F782F21BDAF639008D187B /* Supporting Files */ = {
			isa = PBXGroup;
			children = (
				02F782F31BDAF639008D187B /* Info.plist */,
			);
			name = "Supporting Files";
			sourceTree = "<group>";
		};
/* End PBXGroup section */

/* Begin PBXNativeTarget section */
		02F782D81BDAF639008D187B /* EnchantedLifeTarget */ = {
			isa = PBXNativeTarget;
			buildConfigurationList = 02F782F81BDAF639008D187B /* Build configuration list for PBXNativeTarget "EnchantedLifeTarget" */;
			buildPhases = (
				02F782D51BDAF639008D187B /* Sources */,
				02F782D61BDAF639008D187B /* Frameworks */,
				02F782D71BDAF639008D187B /* Resources */,
			);
			buildRules = (
			);
			dependencies = (
			);
			name = EnchantedLifeTarget;
			productName = EnchantedLifeTarget;
			productReference = 02F782D91BDAF639008D187B /* EnchantedLifeTarget.app */;
			productType = "com.apple.product-type.application";
		};
		02F782ED1BDAF639008D187B /* EnchantedLifeTargetTests */ = {
			isa = PBXNativeTarget;
			buildConfigurationList = 02F782FB1BDAF639008D187B /* Build configuration list for PBXNativeTarget "EnchantedLifeTargetTests" */;
			buildPhases = (
				02F782EA1BDAF639008D187B /* Sources */,
				02F782EB1BDAF639008D187B /* Frameworks */,
				02F782EC1BDAF639008D187B /* Resources */,
			);
			buildRules = (
			);
			dependencies = (
				02F782F01BDAF639008D187B /* PBXTargetDependency */,
			);
			name = EnchantedLifeTargetTests;
			productName = EnchantedLifeTargetTests;
			productReference = 02F782EE1BDAF639008D187B /* EnchantedLifeTargetTests.xctest */;
			productType = "com.apple.product-type.bundle.unit-test";
		};
/* End PBXNativeTarget section */

/* Begin PBXProject section */
		02F782D11BDAF639008D187B /* Project object */ = {
			isa = PBXProject;
			attributes = {
				LastUpgradeCheck = 0630;
				ORGANIZATIONNAME = "Enchanted Life";
				TargetAttributes = {
					02F782D81BDAF639008D187B = {
						CreatedOnToolsVersion = 6.3.1;
					};
					02F782ED1BDAF639008D187B = {
						CreatedOnToolsVersion = 6.3.1;
						TestTargetID = 02F782D81BDAF639008D187B;
					};
				};
			};
			buildConfigurationList = 02F782D41BDAF639008D187B /* Build configuration list for PBXProject "EnchantedLifeTarget" */;
			compatibilityVersion = "Xcode 3.2";
			developmentRegion = English;
			hasScannedForEncodings = 0;
			knownRegions = (
				en,
				Base,
			);
			mainGroup = 02F782D01BDAF639008D187B;
			productRefGroup = 02F782DA1BDAF639008D187B /* Products */;
			projectDirPath = "";
			projectRoot = "";
			targets = (
				02F782D81BDAF639008D187B /* EnchantedLifeTarget */,
				02F782ED1BDAF639008D187B /* EnchantedLifeTargetTests */,
			);
		};
/* End PBXProject section */

/* Begin PBXResourcesBuildPhase section */
		02F782D71BDAF639008D187B /* Resources */ = {
			isa = PBXResourcesBuildPhase;
			buildActionMask = 2147483647;
			files = (
				02F782E41BDAF639008D187B /* Main.storyboard in Resources */,
				02F782E91BDAF639008D187B /* LaunchScreen.xib in Resources */,
				02F782E61BDAF639008D187B /* Images.xcassets in Resources */,
			);
			runOnlyForDeploymentPostprocessing = 0;
		};
		02F782EC1BDAF639008D187B /* Resources */ = {
			isa = PBXResourcesBuildPhase;
			buildActionMask = 2147483647;
			files = (
			);
			runOnlyForDeploymentPostprocessing = 0;
		};
/* End PBXResourcesBuildPhase section */

/* Begin PBXSourcesBuildPhase section */
		02F782D51BDAF639008D187B /* Sources */ = {
			isa = PBXSourcesBuildPhase;
			buildActionMask = 2147483647;
			files = (
				02F782E11BDAF639008D187B /* ViewController.swift in Sources */,
				02F782DF1BDAF639008D187B /* AppDelegate.swift in Sources */,
			);
			runOnlyForDeploymentPostprocessing = 0;
		};
		02F782EA1BDAF639008D187B /* Sources */ = {
			isa = PBXSourcesBuildPhase;
			buildActionMask = 2147483647;
			files = (
				02F782F51BDAF639008D187B /* EnchantedLifeTargetTests.swift in Sources */,
			);
			runOnlyForDeploymentPostprocessing = 0;
		};
/* End PBXSourcesBuildPhase section */

/* Begin PBXTargetDependency section */
		02F782F01BDAF639008D187B /* PBXTargetDependency */ = {
			isa = PBXTargetDependency;
			target = 02F782D81BDAF639008D187B /* EnchantedLifeTarget */;
			targetProxy = 02F782EF1BDAF639008D187B /* PBXContainerItemProxy */;
		};
/* End PBXTargetDependency section */

/* Begin PBXVariantGroup section */
		02F782E21BDAF639008D187B /* Main.storyboard */ = {
			isa = PBXVariantGroup;
			children = (
				02F782E31BDAF639008D187B /* Base */,
			);
			name = Main.storyboard;
			sourceTree = "<group>";
		};
		02F782E71BDAF639008D187B /* LaunchScreen.xib */ = {
			isa = PBXVariantGroup;
			children = (
				02F782E81BDAF639008D187B /* Base */,
			);
			name = LaunchScreen.xib;
			sourceTree = "<group>";
		};
/* End PBXVariantGroup section */

/* Begin XCBuildConfiguration section */
		02F782F61BDAF639008D187B /* Debug */ = {
			isa = XCBuildConfiguration;
			buildSettings = {
				ALWAYS_SEARCH_USER_PATHS = NO;
				CLANG_CXX_LANGUAGE_STANDARD = "gnu++0x";
				CLANG_CXX_LIBRARY = "libc++";
				CLANG_ENABLE_MODULES = YES;
				CLANG_ENABLE_OBJC_ARC = YES;
				CLANG_WARN_BOOL_CONVERSION = YES;
				CLANG_WARN_CONSTANT_CONVERSION = YES;
				CLANG_WARN_DIRECT_OBJC_ISA_USAGE = YES_ERROR;
				CLANG_WARN_EMPTY_BODY = YES;
				CLANG_WARN_ENUM_CONVERSION = YES;
				CLANG_WARN_INT_CONVERSION = YES;
				CLANG_WARN_OBJC_ROOT_CLASS = YES_ERROR;
				CLANG_WARN_UNREACHABLE_CODE = YES;
				CLANG_WARN__DUPLICATE_METHOD_MATCH = YES;
				"CODE_SIGN_IDENTITY[sdk=iphoneos*]" = "iPhone Developer";
				COPY_PHASE_STRIP = NO;
				DEBUG_INFORMATION_FORMAT = "dwarf-with-dsym";
				ENABLE_STRICT_OBJC_MSGSEND = YES;
				GCC_C_LANGUAGE_STANDARD = gnu99;
				GCC_DYNAMIC_NO_PIC = NO;
				GCC_NO_COMMON_BLOCKS = YES;
				GCC_OPTIMIZATION_LEVEL = 0;
				GCC_PREPROCESSOR_DEFINITIONS = (
					"DEBUG=1",
					"$(inherited)",
				);
				GCC_SYMBOLS_PRIVATE_EXTERN = NO;
				GCC_WARN_64_TO_32_BIT_CONVERSION = YES;
				GCC_WARN_ABOUT_RETURN_TYPE = YES_ERROR;
				GCC_WARN_UNDECLARED_SELECTOR = YES;
				GCC_WARN_UNINITIALIZED_AUTOS = YES_AGGRESSIVE;
				GCC_WARN_UNUSED_FUNCTION = YES;
				GCC_WARN_UNUSED_VARIABLE = YES;
				IPHONEOS_DEPLOYMENT_TARGET = 8.3;
				MTL_ENABLE_DEBUG_INFO = YES;
				ONLY_ACTIVE_ARCH = YES;
				SDKROOT = iphoneos;
				SWIFT_OPTIMIZATION_LEVEL = "-Onone";
				TARGETED_DEVICE_FAMILY = "1,2";
			};
			name = Debug;
		};
		02F782F71BDAF639008D187B /* Release */ = {
			isa = XCBuildConfiguration;
			buildSettings = {
				ALWAYS_SEARCH_USER_PATHS = NO;
				CLANG_CXX_LANGUAGE_STANDARD = "gnu++0x";
				CLANG_CXX_LIBRARY = "libc++";
				CLANG_ENABLE_MODULES = YES;
				CLANG_ENABLE_OBJC_ARC = YES;
				CLANG_WARN_BOOL_CONVERSION = YES;
				CLANG_WARN_CONSTANT_CONVERSION = YES;
				CLANG_WARN_DIRECT_OBJC_ISA_USAGE = YES_ERROR;
				CLANG_WARN_EMPTY_BODY = YES;
				CLANG_WARN_ENUM_CONVERSION = YES;
				CLANG_WARN_INT_CONVERSION = YES;
				CLANG_WARN_OBJC_ROOT_CLASS = YES_ERROR;
				CLANG_WARN_UNREACHABLE_CODE = YES;
				CLANG_WARN__DUPLICATE_METHOD_MATCH = YES;
				"CODE_SIGN_IDENTITY[sdk=iphoneos*]" = "iPhone Developer";
				COPY_PHASE_STRIP = NO;
				DEBUG_INFORMATION_FORMAT = "dwarf-with-dsym";
				ENABLE_NS_ASSERTIONS = NO;
				ENABLE_STRICT_OBJC_MSGSEND = YES;
				GCC_C_LANGUAGE_STANDARD = gnu99;
				GCC_NO_COMMON_BLOCKS = YES;
				GCC_WARN_64_TO_32_BIT_CONVERSION = YES;
				GCC_WARN_ABOUT_RETURN_TYPE = YES_ERROR;
				GCC_WARN_UNDECLARED_SELECTOR = YES;
				GCC_WARN_UNINITIALIZED_AUTOS = YES_AGGRESSIVE;
				GCC_WARN_UNUSED_FUNCTION = YES;
				GCC_WARN_UNUSED_VARIABLE = YES;
				IPHONEOS_DEPLOYMENT_TARGET = 8.3;
				MTL_ENABLE_DEBUG_INFO = NO;
				SDKROOT = iphoneos;
				TARGETED_DEVICE_FAMILY = "1,2";
				VALIDATE_PRODUCT = YES;
			};
			name = Release;
		};
		02F782F91BDAF639008D187B /* Debug */ = {
			isa = XCBuildConfiguration;
			buildSettings = {
				ASSETCATALOG_COMPILER_APPICON_NAME = AppIcon;
				INFOPLIST_FILE = EnchantedLifeTarget/Info.plist;
				LD_RUNPATH_SEARCH_PATHS = "$(inherited) @executable_path/Frameworks";
				PRODUCT_NAME = "$(TARGET_NAME)";
			};
			name = Debug;
		};
		02F782FA1BDAF639008D187B /* Release */ = {
			isa = XCBuildConfiguration;
			buildSettings = {
				ASSETCATALOG_COMPILER_APPICON_NAME = AppIcon;
				INFOPLIST_FILE = EnchantedLifeTarget/Info.plist;
				LD_RUNPATH_SEARCH_PATHS = "$(inherited) @executable_path/Frameworks";
				PRODUCT_NAME = "$(TARGET_NAME)";
			};
			name = Release;
		};
		02F782FC1BDAF639008D187B /* Debug */ = {
			isa = XCBuildConfiguration;
			buildSettings = {
				BUNDLE_LOADER = "$(TEST_HOST)";
				FRAMEWORK_SEARCH_PATHS = (
					"$(SDKROOT)/Developer/Library/Frameworks",
					"$(inherited)",
				);
				GCC_PREPROCESSOR_DEFINITIONS = (
					"DEBUG=1",
					"$(inherited)",
				);
				INFOPLIST_FILE = EnchantedLifeTargetTests/Info.plist;
				LD_RUNPATH_SEARCH_PATHS = "$(inherited) @executable_path/Frameworks @loader_path/Frameworks";
				PRODUCT_NAME = "$(TARGET_NAME)";
				TEST_HOST = "$(BUILT_PRODUCTS_DIR)/EnchantedLifeTarget.app/EnchantedLifeTarget";
			};
			name = Debug;
		};
		02F782FD1BDAF639008D187B /* Release */ = {
			isa = XCBuildConfiguration;
			buildSettings = {
				BUNDLE_LOADER = "$(TEST_HOST)";
				FRAMEWORK_SEARCH_PATHS = (
					"$(SDKROOT)/Developer/Library/Frameworks",
					"$(inherited)",
				);
				INFOPLIST_FILE = EnchantedLifeTargetTests/Info.plist;
				LD_RUNPATH_SEARCH_PATHS = "$(inherited) @executable_path/Frameworks @loader_path/Frameworks";
				PRODUCT_NAME = "$(TARGET_NAME)";
				TEST_HOST = "$(BUILT_PRODUCTS_DIR)/EnchantedLifeTarget.app/EnchantedLifeTarget";
			};
			name = Release;
		};
/* End XCBuildConfiguration section */

/* Begin XCConfigurationList section */
		02F782D41BDAF639008D187B /* Build configuration list for PBXProject "EnchantedLifeTarget" */ = {
			isa = XCConfigurationList;
			buildConfigurations = (
				02F782F61BDAF639008D187B /* Debug */,
				02F782F71BDAF639008D187B /* Release */,
			);
			defaultConfigurationIsVisible = 0;
			defaultConfigurationName = Release;
		};
		02F782F81BDAF639008D187B /* Build configuration list for PBXNativeTarget "EnchantedLifeTarget" */ = {
			isa = XCConfigurationList;
			buildConfigurations = (
				02F782F91BDAF639008D187B /* Debug */,
				02F782FA1BDAF639008D187B /* Release */,
			);
			defaultConfigurationIsVisible = 0;
		};
		02F782FB1BDAF639008D187B /* Build configuration list for PBXNativeTarget "EnchantedLifeTargetTests" */ = {
			isa = XCConfigurationList;
			buildConfigurations = (
				02F782FC1BDAF639008D187B /* Debug */,
				02F782FD1BDAF639008D187B /* Release */,
			);
			defaultConfigurationIsVisible = 0;
		};
/* End XCConfigurationList section */
	};
	rootObject = 02F782D11BDAF639008D187B /* Project object */;
}
